
Microsoft Visual Studio Solution File, Format Version 12.00
# Visual Studio Version 17
VisualStudioVersion = 17.11.35222.181
MinimumVisualStudioVersion = 10.0.40219.1
Project("{FAE04EC0-301F-11D3-BF4B-00C04F79EFBC}") = "StudentRegistration", "StudentRegistration\StudentRegistration.csproj", "{4F774F6C-9559-4227-8A3C-05837AFD69F0}"
EndProject
Global
	GlobalSection(SolutionConfigurationPlatforms) = preSolution
		Debug|Any CPU = Debug|Any CPU
		Release|Any CPU = Release|Any CPU
	EndGlobalSection
	GlobalSection(ProjectConfigurationPlatforms) = postSolution
		{4F774F6C-9559-4227-8A3C-05837AFD69F0}.Debug|Any CPU.ActiveCfg = Debug|Any CPU
		{4F774F6C-9559-4227-8A3C-05837AFD69F0}.Debug|Any CPU.Build.0 = Debug|Any CPU
		{4F774F6C-9559-4227-8A3C-05837AFD69F0}.Release|Any CPU.ActiveCfg = Release|Any CPU
		{4F774F6C-9559-4227-8A3C-05837AFD69F0}.Release|Any CPU.Build.0 = Release|Any CPU
	EndGlobalSection
	GlobalSection(SolutionProperties) = preSolution
		HideSolutionNode = FALSE
	EndGlobalSection
	GlobalSection(ExtensibilityGlobals) = postSolution
		SolutionGuid = {55C41067-5DE6-4B79-9A99-E37A33FB7725}
	EndGlobalSection
EndGlobal
